{
    "_readme": [
        "This file locks the dependencies of your project to a known state",
        "Read more about it at http://getcomposer.org/doc/01-basic-usage.md#composer-lock-the-lock-file",
        "This file is @generated automatically"
    ],
    "hash": "b77ffc4d98a4a13043f92f5d41fce663",
    "packages": [
        {
            "name": "slim/slim",
            "version": "2.6.2",
            "source": {
                "type": "git",
                "url": "https://github.com/slimphp/Slim.git",
                "reference": "20a02782f76830b67ae56a5c08eb1f563c351a37"
            },
            "dist": {
                "type": "zip",
                "url": "https://api.github.com/repos/slimphp/Slim/zipball/20a02782f76830b67ae56a5c08eb1f563c351a37",
                "reference": "20a02782f76830b67ae56a5c08eb1f563c351a37",
                "shasum": ""
            },
            "require": {
                "php": ">=5.3.0"
            },
            "suggest": {
                "ext-mcrypt": "Required for HTTP cookie encryption"
            },
            "type": "library",
            "autoload": {
                "psr-0": {
                    "Slim": "."
                }
            },
            "notification-url": "https://packagist.org/downloads/",
            "license": [
                "MIT"
            ],
            "authors": [
                {
                    "name": "Josh Lockhart",
                    "email": "info@joshlockhart.com",
                    "homepage": "http://www.joshlockhart.com/"
                }
            ],
            "description": "Slim Framework, a PHP micro framework",
            "homepage": "http://github.com/codeguy/Slim",
            "keywords": [
                "microframework",
                "rest",
                "router"
            ],
            "time": "2015-03-08 18:41:17"
        },
        {
            "name": "tburry/pquery",
            "version": "dev-master",
            "source": {
                "type": "git",
                "url": "https://github.com/tburry/pquery.git",
                "reference": "46df30f000e130ce118fd6d3a6b6fe3b31308a2e"
            },
            "dist": {
                "type": "zip",
                "url": "https://api.github.com/repos/tburry/pquery/zipball/46df30f000e130ce118fd6d3a6b6fe3b31308a2e",
                "reference": "46df30f000e130ce118fd6d3a6b6fe3b31308a2e",
                "shasum": ""
            },
            "require": {
                "php": ">=5.3.0"
            },
            "require-dev": {
                "htmlawed/htmlawed": "dev-master"
            },
            "type": "library",
            "autoload": {
                "classmap": [
                    "IQuery.php",
                    "gan_formatter.php",
                    "gan_node_html.php",
                    "gan_parser_html.php",
                    "gan_selector_html.php",
                    "gan_tokenizer.php",
                    "gan_xml2array.php",
                    "pQuery.php"
                ]
            },
            "notification-url": "https://packagist.org/downloads/",
            "license": [
                "LGPL-2.1"
            ],
            "authors": [
                {
                    "name": "Todd Burry",
                    "email": "todd@vanillaforums.com",
                    "role": "Developer"
                }
            ],
            "description": "A jQuery like html dom parser written in php.",
            "keywords": [
                "dom",
                "ganon",
                "php"
            ],
            "time": "2014-07-16 15:43:27"
        }
    ],
    "packages-dev": [],
    "aliases": [],
    "minimum-stability": "stable",
    "stability-flags": {
        "tburry/pquery": 20
    },
    "prefer-stable": false,
    "prefer-lowest": false,
    "platform": [],
    "platform-dev": []
}
